
Microsoft Visual Studio Solution File, Format Version 12.00
# Visual Studio 2013
VisualStudioVersion = 12.0.21005.1
MinimumVisualStudioVersion = 10.0.40219.1
Project("{8BC9CEB8-8B4A-11D0-8D11-00A0C91BC942}") = "TilemapParser", "TilemapParser\TilemapParser.vcxproj", "{BD531494-7FAE-4EE1-9793-26777F0118EB}"
EndProject
Global
	GlobalSection(SolutionConfigurationPlatforms) = preSolution
		Debug|Win32 = Debug|Win32
		Debug|x64 = Debug|x64
		Release|Win32 = Release|Win32
		Release|x64 = Release|x64
	EndGlobalSection
	GlobalSection(ProjectConfigurationPlatforms) = postSolution
		{BD531494-7FAE-4EE1-9793-26777F0118EB}.Debug|Win32.ActiveCfg = Debug|Win32
		{BD531494-7FAE-4EE1-9793-26777F0118EB}.Debug|Win32.Build.0 = Debug|Win32
		{BD531494-7FAE-4EE1-9793-26777F0118EB}.Debug|x64.ActiveCfg = Debug|x64
		{BD531494-7FAE-4EE1-9793-26777F0118EB}.Debug|x64.Build.0 = Debug|x64
		{BD531494-7FAE-4EE1-9793-26777F0118EB}.Release|Win32.ActiveCfg = Release|Win32
		{BD531494-7FAE-4EE1-9793-26777F0118EB}.Release|Win32.Build.0 = Release|Win32
		{BD531494-7FAE-4EE1-9793-26777F0118EB}.Release|x64.ActiveCfg = Debug|x64
		{BD531494-7FAE-4EE1-9793-26777F0118EB}.Release|x64.Build.0 = Debug|x64
	EndGlobalSection
	GlobalSection(SolutionProperties) = preSolution
		HideSolutionNode = FALSE
	EndGlobalSection
EndGlobal
